
Microsoft Visual Studio Solution File, Format Version 12.00
# Visual Studio Version 17
VisualStudioVersion = 17.4.33103.184
MinimumVisualStudioVersion = 10.0.40219.1
Project("{FAE04EC0-301F-11D3-BF4B-00C04F79EFBC}") = "AchieveIt.API", "AchieveIt.API\AchieveIt.API.csproj", "{07D53F80-6533-4E96-98F2-CE988EE9037C}"
EndProject
Global
	GlobalSection(SolutionConfigurationPlatforms) = preSolution
		Debug|Any CPU = Debug|Any CPU
		Release|Any CPU = Release|Any CPU
	EndGlobalSection
	GlobalSection(ProjectConfigurationPlatforms) = postSolution
		{07D53F80-6533-4E96-98F2-CE988EE9037C}.Debug|Any CPU.ActiveCfg = Debug|Any CPU
		{07D53F80-6533-4E96-98F2-CE988EE9037C}.Debug|Any CPU.Build.0 = Debug|Any CPU
		{07D53F80-6533-4E96-98F2-CE988EE9037C}.Release|Any CPU.ActiveCfg = Release|Any CPU
		{07D53F80-6533-4E96-98F2-CE988EE9037C}.Release|Any CPU.Build.0 = Release|Any CPU
	EndGlobalSection
	GlobalSection(SolutionProperties) = preSolution
		HideSolutionNode = FALSE
	EndGlobalSection
	GlobalSection(ExtensibilityGlobals) = postSolution
		SolutionGuid = {DA3D2A12-C955-4BA2-BD73-A350E1ED4F32}
	EndGlobalSection
EndGlobal
